
Microsoft Visual Studio Solution File, Format Version 12.00
# Visual Studio Version 16
VisualStudioVersion = 16.0.30011.22
MinimumVisualStudioVersion = 10.0.40219.1
Project("{FAE04EC0-301F-11D3-BF4B-00C04F79EFBC}") = "DiscordAssistant", "DiscordAssistant\DiscordAssistant.csproj", "{50961F1F-A5BD-45B2-90E0-DA86507A85E7}"
EndProject
Global
	GlobalSection(SolutionConfigurationPlatforms) = preSolution
		Debug|Any CPU = Debug|Any CPU
		Release|Any CPU = Release|Any CPU
	EndGlobalSection
	GlobalSection(ProjectConfigurationPlatforms) = postSolution
		{50961F1F-A5BD-45B2-90E0-DA86507A85E7}.Debug|Any CPU.ActiveCfg = Debug|Any CPU
		{50961F1F-A5BD-45B2-90E0-DA86507A85E7}.Debug|Any CPU.Build.0 = Debug|Any CPU
		{50961F1F-A5BD-45B2-90E0-DA86507A85E7}.Release|Any CPU.ActiveCfg = Release|Any CPU
		{50961F1F-A5BD-45B2-90E0-DA86507A85E7}.Release|Any CPU.Build.0 = Release|Any CPU
	EndGlobalSection
	GlobalSection(SolutionProperties) = preSolution
		HideSolutionNode = FALSE
	EndGlobalSection
	GlobalSection(ExtensibilityGlobals) = postSolution
		SolutionGuid = {0384620F-6AD1-40B2-A96A-4920F65A19E2}
	EndGlobalSection
EndGlobal
